// !$*UTF8*$!
{
	archiveVersion = 1;
	classes = {
	};
	objectVersion = 51;
	objects = {

/* Begin PBXBuildFile section */
		720EFFD2DB20630404D25090 /* Pods_shipshape.framework in Frameworks */ = {isa = PBXBuildFile; fileRef = 8020FB629D92B1EC6323BDC9 /* Pods_shipshape.framework */; };
		F42C3CDC24B216250015FA0E /* inc.ttf in Resources */ = {isa = PBXBuildFile; fileRef = F42C3CDB24B216250015FA0E /* inc.ttf */; };
		F42C3CE124B216320015FA0E /* Aleo-Light.otf in Resources */ = {isa = PBXBuildFile; fileRef = F42C3CDE24B216320015FA0E /* Aleo-Light.otf */; };
		F42C3CE224B216320015FA0E /* Aleo-Bold.otf in Resources */ = {isa = PBXBuildFile; fileRef = F42C3CDF24B216320015FA0E /* Aleo-Bold.otf */; };
		F42C3CE524B216E30015FA0E /* Aleo-Regular.otf in Resources */ = {isa = PBXBuildFile; fileRef = F42C3CE424B216E30015FA0E /* Aleo-Regular.otf */; };
		F42C3CF624B4B5B40015FA0E /* SSSideViewController.m in Sources */ = {isa = PBXBuildFile; fileRef = F42C3CF524B4B5B40015FA0E /* SSSideViewController.m */; };
		F42C3CF924B612E30015FA0E /* SSCourseListViewController.m in Sources */ = {isa = PBXBuildFile; fileRef = F42C3CF824B612E30015FA0E /* SSCourseListViewController.m */; };
		F4A3641B24B20069005B5EA0 /* AppDelegate.m in Sources */ = {isa = PBXBuildFile; fileRef = F4A3641A24B20069005B5EA0 /* AppDelegate.m */; };
		F4A3641E24B20069005B5EA0 /* SceneDelegate.m in Sources */ = {isa = PBXBuildFile; fileRef = F4A3641D24B20069005B5EA0 /* SceneDelegate.m */; };
		F4A3642424B20069005B5EA0 /* Main.storyboard in Resources */ = {isa = PBXBuildFile; fileRef = F4A3642224B20069005B5EA0 /* Main.storyboard */; };
		F4A3642624B2006E005B5EA0 /* Assets.xcassets in Resources */ = {isa = PBXBuildFile; fileRef = F4A3642524B2006E005B5EA0 /* Assets.xcassets */; };
		F4A3642924B2006E005B5EA0 /* LaunchScreen.storyboard in Resources */ = {isa = PBXBuildFile; fileRef = F4A3642724B2006E005B5EA0 /* LaunchScreen.storyboard */; };
		F4A3642C24B2006E005B5EA0 /* main.m in Sources */ = {isa = PBXBuildFile; fileRef = F4A3642B24B2006E005B5EA0 /* main.m */; };
		F4D8F28324F267F000702660 /* SSCourseModel.m in Sources */ = {isa = PBXBuildFile; fileRef = F4D8F28224F267F000702660 /* SSCourseModel.m */; };
		F4D8F28624F268C900702660 /* SSTimeSlotModel.m in Sources */ = {isa = PBXBuildFile; fileRef = F4D8F28524F268C900702660 /* SSTimeSlotModel.m */; };
		F4D8F28F24F293BE00702660 /* SSCalendarSpecManager.m in Sources */ = {isa = PBXBuildFile; fileRef = F4D8F28E24F293BE00702660 /* SSCalendarSpecManager.m */; };
		F4D8F29224F293DF00702660 /* SSMainViewController.m in Sources */ = {isa = PBXBuildFile; fileRef = F4D8F29024F293DF00702660 /* SSMainViewController.m */; };
		F4D8F29924F2947000702660 /* SSCourseListCell.m in Sources */ = {isa = PBXBuildFile; fileRef = F4D8F29624F2947000702660 /* SSCourseListCell.m */; };
		F4D8F29A24F2947000702660 /* SSCalendarItemView.m in Sources */ = {isa = PBXBuildFile; fileRef = F4D8F29724F2947000702660 /* SSCalendarItemView.m */; };
/* End PBXBuildFile section */

/* Begin PBXFileReference section */
		5E6574E69C47AFE0965152B3 /* Pods-shipshape.debug.xcconfig */ = {isa = PBXFileReference; includeInIndex = 1; lastKnownFileType = text.xcconfig; name = "Pods-shipshape.debug.xcconfig"; path = "Target Support Files/Pods-shipshape/Pods-shipshape.debug.xcconfig"; sourceTree = "<group>"; };
		8020FB629D92B1EC6323BDC9 /* Pods_shipshape.framework */ = {isa = PBXFileReference; explicitFileType = wrapper.framework; includeInIndex = 0; path = Pods_shipshape.framework; sourceTree = BUILT_PRODUCTS_DIR; };
		F42C3CDB24B216250015FA0E /* inc.ttf */ = {isa = PBXFileReference; lastKnownFileType = file; name = inc.ttf; path = fonts/inc.ttf; sourceTree = "<group>"; };
		F42C3CDE24B216320015FA0E /* Aleo-Light.otf */ = {isa = PBXFileReference; lastKnownFileType = file; name = "Aleo-Light.otf"; path = "fonts/Aleo-Light.otf"; sourceTree = "<group>"; };
		F42C3CDF24B216320015FA0E /* Aleo-Bold.otf */ = {isa = PBXFileReference; lastKnownFileType = file; name = "Aleo-Bold.otf"; path = "fonts/Aleo-Bold.otf"; sourceTree = "<group>"; };
		F42C3CE424B216E30015FA0E /* Aleo-Regular.otf */ = {isa = PBXFileReference; lastKnownFileType = file; name = "Aleo-Regular.otf"; path = "fonts/Aleo-Regular.otf"; sourceTree = "<group>"; };
		F42C3CE624B35CA60015FA0E /* SSGlobalDefinitions.h */ = {isa = PBXFileReference; lastKnownFileType = sourcecode.c.h; path = SSGlobalDefinitions.h; sourceTree = "<group>"; };
		F42C3CF424B4B5B40015FA0E /* SSSideViewController.h */ = {isa = PBXFileReference; lastKnownFileType = sourcecode.c.h; name = SSSideViewController.h; path = classes/SSSideViewController.h; sourceTree = "<group>"; };
		F42C3CF524B4B5B40015FA0E /* SSSideViewController.m */ = {isa = PBXFileReference; lastKnownFileType = sourcecode.c.objc; name = SSSideViewController.m; path = classes/SSSideViewController.m; sourceTree = "<group>"; };
		F42C3CF724B612E30015FA0E /* SSCourseListViewController.h */ = {isa = PBXFileReference; lastKnownFileType = sourcecode.c.h; name = SSCourseListViewController.h; path = classes/SSCourseListViewController.h; sourceTree = "<group>"; };
		F42C3CF824B612E30015FA0E /* SSCourseListViewController.m */ = {isa = PBXFileReference; lastKnownFileType = sourcecode.c.objc; name = SSCourseListViewController.m; path = classes/SSCourseListViewController.m; sourceTree = "<group>"; };
		F4A3641624B20069005B5EA0 /* Shipshape.app */ = {isa = PBXFileReference; explicitFileType = wrapper.application; includeInIndex = 0; path = Shipshape.app; sourceTree = BUILT_PRODUCTS_DIR; };
		F4A3641924B20069005B5EA0 /* AppDelegate.h */ = {isa = PBXFileReference; lastKnownFileType = sourcecode.c.h; path = AppDelegate.h; sourceTree = "<group>"; };
		F4A3641A24B20069005B5EA0 /* AppDelegate.m */ = {isa = PBXFileReference; lastKnownFileType = sourcecode.c.objc; path = AppDelegate.m; sourceTree = "<group>"; };
		F4A3641C24B20069005B5EA0 /* SceneDelegate.h */ = {isa = PBXFileReference; lastKnownFileType = sourcecode.c.h; path = SceneDelegate.h; sourceTree = "<group>"; };
		F4A3641D24B20069005B5EA0 /* SceneDelegate.m */ = {isa = PBXFileReference; lastKnownFileType = sourcecode.c.objc; path = SceneDelegate.m; sourceTree = "<group>"; };
		F4A3642324B20069005B5EA0 /* Base */ = {isa = PBXFileReference; lastKnownFileType = file.storyboard; name = Base; path = Base.lproj/Main.storyboard; sourceTree = "<group>"; };
		F4A3642524B2006E005B5EA0 /* Assets.xcassets */ = {isa = PBXFileReference; lastKnownFileType = folder.assetcatalog; path = Assets.xcassets; sourceTree = "<group>"; };
		F4A3642824B2006E005B5EA0 /* Base */ = {isa = PBXFileReference; lastKnownFileType = file.storyboard; name = Base; path = Base.lproj/LaunchScreen.storyboard; sourceTree = "<group>"; };
		F4A3642A24B2006E005B5EA0 /* Info.plist */ = {isa = PBXFileReference; lastKnownFileType = text.plist.xml; path = Info.plist; sourceTree = "<group>"; };
		F4A3642B24B2006E005B5EA0 /* main.m */ = {isa = PBXFileReference; lastKnownFileType = sourcecode.c.objc; path = main.m; sourceTree = "<group>"; };
		F4D8F28124F267F000702660 /* SSCourseModel.h */ = {isa = PBXFileReference; lastKnownFileType = sourcecode.c.h; name = SSCourseModel.h; path = classes/SSCourseModel.h; sourceTree = "<group>"; };
		F4D8F28224F267F000702660 /* SSCourseModel.m */ = {isa = PBXFileReference; lastKnownFileType = sourcecode.c.objc; name = SSCourseModel.m; path = classes/SSCourseModel.m; sourceTree = "<group>"; };
		F4D8F28424F268C900702660 /* SSTimeSlotModel.h */ = {isa = PBXFileReference; lastKnownFileType = sourcecode.c.h; name = SSTimeSlotModel.h; path = classes/SSTimeSlotModel.h; sourceTree = "<group>"; };
		F4D8F28524F268C900702660 /* SSTimeSlotModel.m */ = {isa = PBXFileReference; lastKnownFileType = sourcecode.c.objc; name = SSTimeSlotModel.m; path = classes/SSTimeSlotModel.m; sourceTree = "<group>"; };
		F4D8F28D24F293BE00702660 /* SSCalendarSpecManager.h */ = {isa = PBXFileReference; fileEncoding = 4; lastKnownFileType = sourcecode.c.h; name = SSCalendarSpecManager.h; path = classes/SSCalendarSpecManager.h; sourceTree = "<group>"; };
		F4D8F28E24F293BE00702660 /* SSCalendarSpecManager.m */ = {isa = PBXFileReference; fileEncoding = 4; lastKnownFileType = sourcecode.c.objc; name = SSCalendarSpecManager.m; path = classes/SSCalendarSpecManager.m; sourceTree = "<group>"; };
		F4D8F29024F293DF00702660 /* SSMainViewController.m */ = {isa = PBXFileReference; fileEncoding = 4; lastKnownFileType = sourcecode.c.objc; name = SSMainViewController.m; path = classes/SSMainViewController.m; sourceTree = "<group>"; };
		F4D8F29124F293DF00702660 /* SSMainViewController.h */ = {isa = PBXFileReference; fileEncoding = 4; lastKnownFileType = sourcecode.c.h; name = SSMainViewController.h; path = classes/SSMainViewController.h; sourceTree = "<group>"; };
		F4D8F29524F2947000702660 /* SSCalendarItemView.h */ = {isa = PBXFileReference; fileEncoding = 4; lastKnownFileType = sourcecode.c.h; name = SSCalendarItemView.h; path = classes/SSCalendarItemView.h; sourceTree = "<group>"; };
		F4D8F29624F2947000702660 /* SSCourseListCell.m */ = {isa = PBXFileReference; fileEncoding = 4; lastKnownFileType = sourcecode.c.objc; name = SSCourseListCell.m; path = classes/SSCourseListCell.m; sourceTree = "<group>"; };
		F4D8F29724F2947000702660 /* SSCalendarItemView.m */ = {isa = PBXFileReference; fileEncoding = 4; lastKnownFileType = sourcecode.c.objc; name = SSCalendarItemView.m; path = classes/SSCalendarItemView.m; sourceTree = "<group>"; };
		F4D8F29824F2947000702660 /* SSCourseListCell.h */ = {isa = PBXFileReference; fileEncoding = 4; lastKnownFileType = sourcecode.c.h; name = SSCourseListCell.h; path = classes/SSCourseListCell.h; sourceTree = "<group>"; };
		FD64FF84C32949955F85044B /* Pods-shipshape.release.xcconfig */ = {isa = PBXFileReference; includeInIndex = 1; lastKnownFileType = text.xcconfig; name = "Pods-shipshape.release.xcconfig"; path = "Target Support Files/Pods-shipshape/Pods-shipshape.release.xcconfig"; sourceTree = "<group>"; };
/* End PBXFileReference section */

/* Begin PBXFrameworksBuildPhase section */
		F4A3641324B20069005B5EA0 /* Frameworks */ = {
			isa = PBXFrameworksBuildPhase;
			buildActionMask = 2147483647;
			files = (
				720EFFD2DB20630404D25090 /* Pods_shipshape.framework in Frameworks */,
			);
			runOnlyForDeploymentPostprocessing = 0;
		};
/* End PBXFrameworksBuildPhase section */

/* Begin PBXGroup section */
		2A361029919226FBFBB84FC7 /* Pods */ = {
			isa = PBXGroup;
			children = (
				5E6574E69C47AFE0965152B3 /* Pods-shipshape.debug.xcconfig */,
				FD64FF84C32949955F85044B /* Pods-shipshape.release.xcconfig */,
			);
			path = Pods;
			sourceTree = "<group>";
		};
		860C6EE2E53EF08CBAA96629 /* Frameworks */ = {
			isa = PBXGroup;
			children = (
				8020FB629D92B1EC6323BDC9 /* Pods_shipshape.framework */,
			);
			name = Frameworks;
			sourceTree = "<group>";
		};
		F42C3CE324B2163D0015FA0E /* Font */ = {
			isa = PBXGroup;
			children = (
				F42C3CDB24B216250015FA0E /* inc.ttf */,
				F42C3CDF24B216320015FA0E /* Aleo-Bold.otf */,
				F42C3CDE24B216320015FA0E /* Aleo-Light.otf */,
				F42C3CE424B216E30015FA0E /* Aleo-Regular.otf */,
			);
			name = Font;
			sourceTree = "<group>";
		};
		F42C3CEA24B35FE60015FA0E /* Manager */ = {
			isa = PBXGroup;
			children = (
				F4D8F28D24F293BE00702660 /* SSCalendarSpecManager.h */,
				F4D8F28E24F293BE00702660 /* SSCalendarSpecManager.m */,
			);
			name = Manager;
			sourceTree = "<group>";
		};
		F42C3CEF24B395470015FA0E /* Built-in */ = {
			isa = PBXGroup;
			children = (
				F4A3641924B20069005B5EA0 /* AppDelegate.h */,
				F4A3641A24B20069005B5EA0 /* AppDelegate.m */,
				F4A3641C24B20069005B5EA0 /* SceneDelegate.h */,
				F4A3641D24B20069005B5EA0 /* SceneDelegate.m */,
			);
			name = "Built-in";
			sourceTree = "<group>";
		};
		F42C3CF024B4B4AD0015FA0E /* VC */ = {
			isa = PBXGroup;
			children = (
				F4D8F29124F293DF00702660 /* SSMainViewController.h */,
				F4D8F29024F293DF00702660 /* SSMainViewController.m */,
				F42C3CF724B612E30015FA0E /* SSCourseListViewController.h */,
				F42C3CF824B612E30015FA0E /* SSCourseListViewController.m */,
				F42C3CF424B4B5B40015FA0E /* SSSideViewController.h */,
				F42C3CF524B4B5B40015FA0E /* SSSideViewController.m */,
			);
			name = VC;
			sourceTree = "<group>";
		};
		F4A3640D24B20069005B5EA0 = {
			isa = PBXGroup;
			children = (
				F4A3641824B20069005B5EA0 /* shipshape */,
				F4A3641724B20069005B5EA0 /* Products */,
				2A361029919226FBFBB84FC7 /* Pods */,
				860C6EE2E53EF08CBAA96629 /* Frameworks */,
			);
			sourceTree = "<group>";
		};
		F4A3641724B20069005B5EA0 /* Products */ = {
			isa = PBXGroup;
			children = (
				F4A3641624B20069005B5EA0 /* Shipshape.app */,
			);
			name = Products;
			sourceTree = "<group>";
		};
		F4A3641824B20069005B5EA0 /* shipshape */ = {
			isa = PBXGroup;
			children = (
				F42C3CEF24B395470015FA0E /* Built-in */,
				F42C3CF024B4B4AD0015FA0E /* VC */,
				F4A3642724B2006E005B5EA0 /* LaunchScreen.storyboard */,
				F4A3642224B20069005B5EA0 /* Main.storyboard */,
				F42C3CE624B35CA60015FA0E /* SSGlobalDefinitions.h */,
				F4D8F29424F2942800702660 /* View */,
				F42C3CEA24B35FE60015FA0E /* Manager */,
				F4D8F28024F267B300702660 /* Model */,
				F42C3CE324B2163D0015FA0E /* Font */,
				F4A3642524B2006E005B5EA0 /* Assets.xcassets */,
				F4A3642A24B2006E005B5EA0 /* Info.plist */,
				F4A3642B24B2006E005B5EA0 /* main.m */,
			);
			path = shipshape;
			sourceTree = "<group>";
		};
		F4D8F28024F267B300702660 /* Model */ = {
			isa = PBXGroup;
			children = (
				F4D8F28124F267F000702660 /* SSCourseModel.h */,
				F4D8F28224F267F000702660 /* SSCourseModel.m */,
				F4D8F28424F268C900702660 /* SSTimeSlotModel.h */,
				F4D8F28524F268C900702660 /* SSTimeSlotModel.m */,
			);
			name = Model;
			sourceTree = "<group>";
		};
		F4D8F29424F2942800702660 /* View */ = {
			isa = PBXGroup;
			children = (
				F4D8F29524F2947000702660 /* SSCalendarItemView.h */,
				F4D8F29724F2947000702660 /* SSCalendarItemView.m */,
				F4D8F29824F2947000702660 /* SSCourseListCell.h */,
				F4D8F29624F2947000702660 /* SSCourseListCell.m */,
			);
			name = View;
			sourceTree = "<group>";
		};
/* End PBXGroup section */

/* Begin PBXNativeTarget section */
		F4A3641524B20069005B5EA0 /* shipshape */ = {
			isa = PBXNativeTarget;
			buildConfigurationList = F4A3642F24B2006E005B5EA0 /* Build configuration list for PBXNativeTarget "shipshape" */;
			buildPhases = (
				0CC9D0F801ABD61AE8153EE7 /* [CP] Check Pods Manifest.lock */,
				F4A3641224B20069005B5EA0 /* Sources */,
				F4A3641324B20069005B5EA0 /* Frameworks */,
				F4A3641424B20069005B5EA0 /* Resources */,
				D478A21A40B1D1E718C5F0A5 /* [CP] Embed Pods Frameworks */,
			);
			buildRules = (
			);
			dependencies = (
			);
			name = shipshape;
			productName = shipshape;
			productReference = F4A3641624B20069005B5EA0 /* Shipshape.app */;
			productType = "com.apple.product-type.application";
		};
/* End PBXNativeTarget section */

/* Begin PBXProject section */
		F4A3640E24B20069005B5EA0 /* Project object */ = {
			isa = PBXProject;
			attributes = {
				LastUpgradeCheck = 1150;
				TargetAttributes = {
					F4A3641524B20069005B5EA0 = {
						CreatedOnToolsVersion = 11.5;
					};
				};
			};
			buildConfigurationList = F4A3641124B20069005B5EA0 /* Build configuration list for PBXProject "shipshape" */;
			compatibilityVersion = "Xcode 9.3";
			developmentRegion = en;
			hasScannedForEncodings = 0;
			knownRegions = (
				en,
				Base,
			);
			mainGroup = F4A3640D24B20069005B5EA0;
			productRefGroup = F4A3641724B20069005B5EA0 /* Products */;
			projectDirPath = "";
			projectRoot = "";
			targets = (
				F4A3641524B20069005B5EA0 /* shipshape */,
			);
		};
/* End PBXProject section */

/* Begin PBXResourcesBuildPhase section */
		F4A3641424B20069005B5EA0 /* Resources */ = {
			isa = PBXResourcesBuildPhase;
			buildActionMask = 2147483647;
			files = (
				F42C3CE124B216320015FA0E /* Aleo-Light.otf in Resources */,
				F4A3642924B2006E005B5EA0 /* LaunchScreen.storyboard in Resources */,
				F42C3CDC24B216250015FA0E /* inc.ttf in Resources */,
				F4A3642624B2006E005B5EA0 /* Assets.xcassets in Resources */,
				F4A3642424B20069005B5EA0 /* Main.storyboard in Resources */,
				F42C3CE224B216320015FA0E /* Aleo-Bold.otf in Resources */,
				F42C3CE524B216E30015FA0E /* Aleo-Regular.otf in Resources */,
			);
			runOnlyForDeploymentPostprocessing = 0;
		};
/* End PBXResourcesBuildPhase section */

/* Begin PBXShellScriptBuildPhase section */
		0CC9D0F801ABD61AE8153EE7 /* [CP] Check Pods Manifest.lock */ = {
			isa = PBXShellScriptBuildPhase;
			buildActionMask = 2147483647;
			files = (
			);
			inputFileListPaths = (
			);
			inputPaths = (
				"${PODS_PODFILE_DIR_PATH}/Podfile.lock",
				"${PODS_ROOT}/Manifest.lock",
			);
			name = "[CP] Check Pods Manifest.lock";
			outputFileListPaths = (
			);
			outputPaths = (
				"$(DERIVED_FILE_DIR)/Pods-shipshape-checkManifestLockResult.txt",
			);
			runOnlyForDeploymentPostprocessing = 0;
			shellPath = /bin/sh;
			shellScript = "diff \"${PODS_PODFILE_DIR_PATH}/Podfile.lock\" \"${PODS_ROOT}/Manifest.lock\" > /dev/null\nif [ $? != 0 ] ; then\n    # print error to STDERR\n    echo \"error: The sandbox is not in sync with the Podfile.lock. Run 'pod install' or update your CocoaPods installation.\" >&2\n    exit 1\nfi\n# This output is used by Xcode 'outputs' to avoid re-running this script phase.\necho \"SUCCESS\" > \"${SCRIPT_OUTPUT_FILE_0}\"\n";
			showEnvVarsInLog = 0;
		};
		D478A21A40B1D1E718C5F0A5 /* [CP] Embed Pods Frameworks */ = {
			isa = PBXShellScriptBuildPhase;
			buildActionMask = 2147483647;
			files = (
			);
			inputFileListPaths = (
				"${PODS_ROOT}/Target Support Files/Pods-shipshape/Pods-shipshape-frameworks-${CONFIGURATION}-input-files.xcfilelist",
			);
			name = "[CP] Embed Pods Frameworks";
			outputFileListPaths = (
				"${PODS_ROOT}/Target Support Files/Pods-shipshape/Pods-shipshape-frameworks-${CONFIGURATION}-output-files.xcfilelist",
			);
			runOnlyForDeploymentPostprocessing = 0;
			shellPath = /bin/sh;
			shellScript = "\"${PODS_ROOT}/Target Support Files/Pods-shipshape/Pods-shipshape-frameworks.sh\"\n";
			showEnvVarsInLog = 0;
		};
/* End PBXShellScriptBuildPhase section */

/* Begin PBXSourcesBuildPhase section */
		F4A3641224B20069005B5EA0 /* Sources */ = {
			isa = PBXSourcesBuildPhase;
			buildActionMask = 2147483647;
			files = (
				F42C3CF924B612E30015FA0E /* SSCourseListViewController.m in Sources */,
				F4D8F29224F293DF00702660 /* SSMainViewController.m in Sources */,
				F4D8F29924F2947000702660 /* SSCourseListCell.m in Sources */,
				F4A3641B24B20069005B5EA0 /* AppDelegate.m in Sources */,
				F4D8F28F24F293BE00702660 /* SSCalendarSpecManager.m in Sources */,
				F4D8F28324F267F000702660 /* SSCourseModel.m in Sources */,
				F4D8F29A24F2947000702660 /* SSCalendarItemView.m in Sources */,
				F42C3CF624B4B5B40015FA0E /* SSSideViewController.m in Sources */,
				F4A3642C24B2006E005B5EA0 /* main.m in Sources */,
				F4A3641E24B20069005B5EA0 /* SceneDelegate.m in Sources */,
				F4D8F28624F268C900702660 /* SSTimeSlotModel.m in Sources */,
			);
			runOnlyForDeploymentPostprocessing = 0;
		};
/* End PBXSourcesBuildPhase section */

/* Begin PBXVariantGroup section */
		F4A3642224B20069005B5EA0 /* Main.storyboard */ = {
			isa = PBXVariantGroup;
			children = (
				F4A3642324B20069005B5EA0 /* Base */,
			);
			name = Main.storyboard;
			sourceTree = "<group>";
		};
		F4A3642724B2006E005B5EA0 /* LaunchScreen.storyboard */ = {
			isa = PBXVariantGroup;
			children = (
				F4A3642824B2006E005B5EA0 /* Base */,
			);
			name = LaunchScreen.storyboard;
			sourceTree = "<group>";
		};
/* End PBXVariantGroup section */

/* Begin XCBuildConfiguration section */
		F4A3642D24B2006E005B5EA0 /* Debug */ = {
			isa = XCBuildConfiguration;
			buildSettings = {
				ALWAYS_SEARCH_USER_PATHS = NO;
				CLANG_ANALYZER_NONNULL = YES;
				CLANG_ANALYZER_NUMBER_OBJECT_CONVERSION = YES_AGGRESSIVE;
				CLANG_CXX_LANGUAGE_STANDARD = "gnu++14";
				CLANG_CXX_LIBRARY = "libc++";
				CLANG_ENABLE_MODULES = YES;
				CLANG_ENABLE_OBJC_ARC = YES;
				CLANG_ENABLE_OBJC_WEAK = YES;
				CLANG_WARN_BLOCK_CAPTURE_AUTORELEASING = YES;
				CLANG_WARN_BOOL_CONVERSION = YES;
				CLANG_WARN_COMMA = YES;
				CLANG_WARN_CONSTANT_CONVERSION = YES;
				CLANG_WARN_DEPRECATED_OBJC_IMPLEMENTATIONS = YES;
				CLANG_WARN_DIRECT_OBJC_ISA_USAGE = YES_ERROR;
				CLANG_WARN_DOCUMENTATION_COMMENTS = YES;
				CLANG_WARN_EMPTY_BODY = YES;
				CLANG_WARN_ENUM_CONVERSION = YES;
				CLANG_WARN_INFINITE_RECURSION = YES;
				CLANG_WARN_INT_CONVERSION = YES;
				CLANG_WARN_NON_LITERAL_NULL_CONVERSION = YES;
				CLANG_WARN_OBJC_IMPLICIT_RETAIN_SELF = YES;
				CLANG_WARN_OBJC_LITERAL_CONVERSION = YES;
				CLANG_WARN_OBJC_ROOT_CLASS = YES_ERROR;
				CLANG_WARN_RANGE_LOOP_ANALYSIS = YES;
				CLANG_WARN_STRICT_PROTOTYPES = YES;
				CLANG_WARN_SUSPICIOUS_MOVE = YES;
				CLANG_WARN_UNGUARDED_AVAILABILITY = YES_AGGRESSIVE;
				CLANG_WARN_UNREACHABLE_CODE = YES;
				CLANG_WARN__DUPLICATE_METHOD_MATCH = YES;
				COPY_PHASE_STRIP = NO;
				DEBUG_INFORMATION_FORMAT = dwarf;
				ENABLE_STRICT_OBJC_MSGSEND = YES;
				ENABLE_TESTABILITY = YES;
				GCC_C_LANGUAGE_STANDARD = gnu11;
				GCC_DYNAMIC_NO_PIC = NO;
				GCC_NO_COMMON_BLOCKS = YES;
				GCC_OPTIMIZATION_LEVEL = 0;
				GCC_PREPROCESSOR_DEFINITIONS = (
					"DEBUG=1",
					"$(inherited)",
				);
				GCC_WARN_64_TO_32_BIT_CONVERSION = YES;
				GCC_WARN_ABOUT_RETURN_TYPE = YES_ERROR;
				GCC_WARN_UNDECLARED_SELECTOR = YES;
				GCC_WARN_UNINITIALIZED_AUTOS = YES_AGGRESSIVE;
				GCC_WARN_UNUSED_FUNCTION = YES;
				GCC_WARN_UNUSED_VARIABLE = YES;
				IPHONEOS_DEPLOYMENT_TARGET = 13.5;
				MTL_ENABLE_DEBUG_INFO = INCLUDE_SOURCE;
				MTL_FAST_MATH = YES;
				ONLY_ACTIVE_ARCH = YES;
				SDKROOT = iphoneos;
			};
			name = Debug;
		};
		F4A3642E24B2006E005B5EA0 /* Release */ = {
			isa = XCBuildConfiguration;
			buildSettings = {
				ALWAYS_SEARCH_USER_PATHS = NO;
				CLANG_ANALYZER_NONNULL = YES;
				CLANG_ANALYZER_NUMBER_OBJECT_CONVERSION = YES_AGGRESSIVE;
				CLANG_CXX_LANGUAGE_STANDARD = "gnu++14";
				CLANG_CXX_LIBRARY = "libc++";
				CLANG_ENABLE_MODULES = YES;
				CLANG_ENABLE_OBJC_ARC = YES;
				CLANG_ENABLE_OBJC_WEAK = YES;
				CLANG_WARN_BLOCK_CAPTURE_AUTORELEASING = YES;
				CLANG_WARN_BOOL_CONVERSION = YES;
				CLANG_WARN_COMMA = YES;
				CLANG_WARN_CONSTANT_CONVERSION = YES;
				CLANG_WARN_DEPRECATED_OBJC_IMPLEMENTATIONS = YES;
				CLANG_WARN_DIRECT_OBJC_ISA_USAGE = YES_ERROR;
				CLANG_WARN_DOCUMENTATION_COMMENTS = YES;
				CLANG_WARN_EMPTY_BODY = YES;
				CLANG_WARN_ENUM_CONVERSION = YES;
				CLANG_WARN_INFINITE_RECURSION = YES;
				CLANG_WARN_INT_CONVERSION = YES;
				CLANG_WARN_NON_LITERAL_NULL_CONVERSION = YES;
				CLANG_WARN_OBJC_IMPLICIT_RETAIN_SELF = YES;
				CLANG_WARN_OBJC_LITERAL_CONVERSION = YES;
				CLANG_WARN_OBJC_ROOT_CLASS = YES_ERROR;
				CLANG_WARN_RANGE_LOOP_ANALYSIS = YES;
				CLANG_WARN_STRICT_PROTOTYPES = YES;
				CLANG_WARN_SUSPICIOUS_MOVE = YES;
				CLANG_WARN_UNGUARDED_AVAILABILITY = YES_AGGRESSIVE;
				CLANG_WARN_UNREACHABLE_CODE = YES;
				CLANG_WARN__DUPLICATE_METHOD_MATCH = YES;
				COPY_PHASE_STRIP = NO;
				DEBUG_INFORMATION_FORMAT = "dwarf-with-dsym";
				ENABLE_NS_ASSERTIONS = NO;
				ENABLE_STRICT_OBJC_MSGSEND = YES;
				GCC_C_LANGUAGE_STANDARD = gnu11;
				GCC_NO_COMMON_BLOCKS = YES;
				GCC_WARN_64_TO_32_BIT_CONVERSION = YES;
				GCC_WARN_ABOUT_RETURN_TYPE = YES_ERROR;
				GCC_WARN_UNDECLARED_SELECTOR = YES;
				GCC_WARN_UNINITIALIZED_AUTOS = YES_AGGRESSIVE;
				GCC_WARN_UNUSED_FUNCTION = YES;
				GCC_WARN_UNUSED_VARIABLE = YES;
				IPHONEOS_DEPLOYMENT_TARGET = 13.5;
				MTL_ENABLE_DEBUG_INFO = NO;
				MTL_FAST_MATH = YES;
				SDKROOT = iphoneos;
				VALIDATE_PRODUCT = YES;
			};
			name = Release;
		};
		F4A3643024B2006E005B5EA0 /* Debug */ = {
			isa = XCBuildConfiguration;
			baseConfigurationReference = 5E6574E69C47AFE0965152B3 /* Pods-shipshape.debug.xcconfig */;
			buildSettings = {
				ALWAYS_EMBED_SWIFT_STANDARD_LIBRARIES = YES;
				ASSETCATALOG_COMPILER_APPICON_NAME = AppIcon;
				CODE_SIGN_STYLE = Automatic;
				DEVELOPMENT_TEAM = 8FM45LWDA7;
				INFOPLIST_FILE = shipshape/Info.plist;
				LD_RUNPATH_SEARCH_PATHS = (
					"$(inherited)",
					"@executable_path/Frameworks",
				);
				PRODUCT_BUNDLE_IDENTIFIER = jerry.li.shipshape;
				PRODUCT_NAME = Shipshape;
				TARGETED_DEVICE_FAMILY = "1,2";
			};
			name = Debug;
		};
		F4A3643124B2006E005B5EA0 /* Release */ = {
			isa = XCBuildConfiguration;
			baseConfigurationReference = FD64FF84C32949955F85044B /* Pods-shipshape.release.xcconfig */;
			buildSettings = {
				ALWAYS_EMBED_SWIFT_STANDARD_LIBRARIES = YES;
				ASSETCATALOG_COMPILER_APPICON_NAME = AppIcon;
				CODE_SIGN_STYLE = Automatic;
				DEVELOPMENT_TEAM = 8FM45LWDA7;
				INFOPLIST_FILE = shipshape/Info.plist;
				LD_RUNPATH_SEARCH_PATHS = (
					"$(inherited)",
					"@executable_path/Frameworks",
				);
				PRODUCT_BUNDLE_IDENTIFIER = jerry.li.shipshape;
				PRODUCT_NAME = Shipshape;
				TARGETED_DEVICE_FAMILY = "1,2";
			};
			name = Release;
		};
/* End XCBuildConfiguration section */

/* Begin XCConfigurationList section */
		F4A3641124B20069005B5EA0 /* Build configuration list for PBXProject "shipshape" */ = {
			isa = XCConfigurationList;
			buildConfigurations = (
				F4A3642D24B2006E005B5EA0 /* Debug */,
				F4A3642E24B2006E005B5EA0 /* Release */,
			);
			defaultConfigurationIsVisible = 0;
			defaultConfigurationName = Release;
		};
		F4A3642F24B2006E005B5EA0 /* Build configuration list for PBXNativeTarget "shipshape" */ = {
			isa = XCConfigurationList;
			buildConfigurations = (
				F4A3643024B2006E005B5EA0 /* Debug */,
				F4A3643124B2006E005B5EA0 /* Release */,
			);
			defaultConfigurationIsVisible = 0;
			defaultConfigurationName = Release;
		};
/* End XCConfigurationList section */
	};
	rootObject = F4A3640E24B20069005B5EA0 /* Project object */;
}
